// !$*UTF8*$!
{
	archiveVersion = 1;
	classes = {
	};
	objectVersion = 56;
	objects = {

/* Begin PBXBuildFile section */
		6947E4EF29881344009294D3 /* FruitsAddView.swift in Sources */ = {isa = PBXBuildFile; fileRef = 6947E4EE29881344009294D3 /* FruitsAddView.swift */; };
		6947E4F129881349009294D3 /* EditView.swift in Sources */ = {isa = PBXBuildFile; fileRef = 6947E4F029881349009294D3 /* EditView.swift */; };
		6947E4F32988134F009294D3 /* FruitData.swift in Sources */ = {isa = PBXBuildFile; fileRef = 6947E4F22988134F009294D3 /* FruitData.swift */; };
		69A4591929925F63002C8E05 /* SwiftUIView.swift in Sources */ = {isa = PBXBuildFile; fileRef = 69A4591829925F63002C8E05 /* SwiftUIView.swift */; };
		69BD0E862984EF8100F79946 /* Kadai16_Sako0602_SwiftUIApp.swift in Sources */ = {isa = PBXBuildFile; fileRef = 69BD0E852984EF8100F79946 /* Kadai16_Sako0602_SwiftUIApp.swift */; };
		69BD0E882984EF8100F79946 /* ContentView.swift in Sources */ = {isa = PBXBuildFile; fileRef = 69BD0E872984EF8100F79946 /* ContentView.swift */; };
		69BD0E8A2984EF8700F79946 /* Assets.xcassets in Resources */ = {isa = PBXBuildFile; fileRef = 69BD0E892984EF8700F79946 /* Assets.xcassets */; };
		69BD0E8D2984EF8700F79946 /* Preview Assets.xcassets in Resources */ = {isa = PBXBuildFile; fileRef = 69BD0E8C2984EF8700F79946 /* Preview Assets.xcassets */; };
		69BD0E972984EF8800F79946 /* Kadai16_Sako0602_SwiftUITests.swift in Sources */ = {isa = PBXBuildFile; fileRef = 69BD0E962984EF8800F79946 /* Kadai16_Sako0602_SwiftUITests.swift */; };
		69BD0EA12984EF8800F79946 /* Kadai16_Sako0602_SwiftUIUITests.swift in Sources */ = {isa = PBXBuildFile; fileRef = 69BD0EA02984EF8800F79946 /* Kadai16_Sako0602_SwiftUIUITests.swift */; };
		69BD0EA32984EF8800F79946 /* Kadai16_Sako0602_SwiftUIUITestsLaunchTests.swift in Sources */ = {isa = PBXBuildFile; fileRef = 69BD0EA22984EF8800F79946 /* Kadai16_Sako0602_SwiftUIUITestsLaunchTests.swift */; };
/* End PBXBuildFile section */

/* Begin PBXContainerItemProxy section */
		69BD0E932984EF8800F79946 /* PBXContainerItemProxy */ = {
			isa = PBXContainerItemProxy;
			containerPortal = 69BD0E7A2984EF8100F79946 /* Project object */;
			proxyType = 1;
			remoteGlobalIDString = 69BD0E812984EF8100F79946;
			remoteInfo = "Kadai16-Sako0602-SwiftUI";
		};
		69BD0E9D2984EF8800F79946 /* PBXContainerItemProxy */ = {
			isa = PBXContainerItemProxy;
			containerPortal = 69BD0E7A2984EF8100F79946 /* Project object */;
			proxyType = 1;
			remoteGlobalIDString = 69BD0E812984EF8100F79946;
			remoteInfo = "Kadai16-Sako0602-SwiftUI";
		};
/* End PBXContainerItemProxy section */

/* Begin PBXFileReference section */
		6947E4EE29881344009294D3 /* FruitsAddView.swift */ = {isa = PBXFileReference; fileEncoding = 4; lastKnownFileType = sourcecode.swift; path = FruitsAddView.swift; sourceTree = "<group>"; };
		6947E4F029881349009294D3 /* EditView.swift */ = {isa = PBXFileReference; fileEncoding = 4; lastKnownFileType = sourcecode.swift; path = EditView.swift; sourceTree = "<group>"; };
		6947E4F22988134F009294D3 /* FruitData.swift */ = {isa = PBXFileReference; fileEncoding = 4; lastKnownFileType = sourcecode.swift; path = FruitData.swift; sourceTree = "<group>"; };
		69A4591829925F63002C8E05 /* SwiftUIView.swift */ = {isa = PBXFileReference; lastKnownFileType = sourcecode.swift; path = SwiftUIView.swift; sourceTree = "<group>"; };
		69BD0E822984EF8100F79946 /* Kadai16-Sako0602-SwiftUI.app */ = {isa = PBXFileReference; explicitFileType = wrapper.application; includeInIndex = 0; path = "Kadai16-Sako0602-SwiftUI.app"; sourceTree = BUILT_PRODUCTS_DIR; };
		69BD0E852984EF8100F79946 /* Kadai16_Sako0602_SwiftUIApp.swift */ = {isa = PBXFileReference; lastKnownFileType = sourcecode.swift; path = Kadai16_Sako0602_SwiftUIApp.swift; sourceTree = "<group>"; };
		69BD0E872984EF8100F79946 /* ContentView.swift */ = {isa = PBXFileReference; lastKnownFileType = sourcecode.swift; path = ContentView.swift; sourceTree = "<group>"; };
		69BD0E892984EF8700F79946 /* Assets.xcassets */ = {isa = PBXFileReference; lastKnownFileType = folder.assetcatalog; path = Assets.xcassets; sourceTree = "<group>"; };
		69BD0E8C2984EF8700F79946 /* Preview Assets.xcassets */ = {isa = PBXFileReference; lastKnownFileType = folder.assetcatalog; path = "Preview Assets.xcassets"; sourceTree = "<group>"; };
		69BD0E922984EF8800F79946 /* Kadai16-Sako0602-SwiftUITests.xctest */ = {isa = PBXFileReference; explicitFileType = wrapper.cfbundle; includeInIndex = 0; path = "Kadai16-Sako0602-SwiftUITests.xctest"; sourceTree = BUILT_PRODUCTS_DIR; };
		69BD0E962984EF8800F79946 /* Kadai16_Sako0602_SwiftUITests.swift */ = {isa = PBXFileReference; lastKnownFileType = sourcecode.swift; path = Kadai16_Sako0602_SwiftUITests.swift; sourceTree = "<group>"; };
		69BD0E9C2984EF8800F79946 /* Kadai16-Sako0602-SwiftUIUITests.xctest */ = {isa = PBXFileReference; explicitFileType = wrapper.cfbundle; includeInIndex = 0; path = "Kadai16-Sako0602-SwiftUIUITests.xctest"; sourceTree = BUILT_PRODUCTS_DIR; };
		69BD0EA02984EF8800F79946 /* Kadai16_Sako0602_SwiftUIUITests.swift */ = {isa = PBXFileReference; lastKnownFileType = sourcecode.swift; path = Kadai16_Sako0602_SwiftUIUITests.swift; sourceTree = "<group>"; };
		69BD0EA22984EF8800F79946 /* Kadai16_Sako0602_SwiftUIUITestsLaunchTests.swift */ = {isa = PBXFileReference; lastKnownFileType = sourcecode.swift; path = Kadai16_Sako0602_SwiftUIUITestsLaunchTests.swift; sourceTree = "<group>"; };
		69BD0EB32984F84D00F79946 /* MyPlayground.playground */ = {isa = PBXFileReference; lastKnownFileType = file.playground; path = MyPlayground.playground; sourceTree = "<group>"; xcLanguageSpecificationIdentifier = xcode.lang.swift; };
/* End PBXFileReference section */

/* Begin PBXFrameworksBuildPhase section */
		69BD0E7F2984EF8100F79946 /* Frameworks */ = {
			isa = PBXFrameworksBuildPhase;
			buildActionMask = 2147483647;
			files = (
			);
			runOnlyForDeploymentPostprocessing = 0;
		};
		69BD0E8F2984EF8800F79946 /* Frameworks */ = {
			isa = PBXFrameworksBuildPhase;
			buildActionMask = 2147483647;
			files = (
			);
			runOnlyForDeploymentPostprocessing = 0;
		};
		69BD0E992984EF8800F79946 /* Frameworks */ = {
			isa = PBXFrameworksBuildPhase;
			buildActionMask = 2147483647;
			files = (
			);
			runOnlyForDeploymentPostprocessing = 0;
		};
/* End PBXFrameworksBuildPhase section */

/* Begin PBXGroup section */
		69BD0E792984EF8100F79946 = {
			isa = PBXGroup;
			children = (
				69BD0E842984EF8100F79946 /* Kadai16-Sako0602-SwiftUI */,
				69BD0E952984EF8800F79946 /* Kadai16-Sako0602-SwiftUITests */,
				69BD0E9F2984EF8800F79946 /* Kadai16-Sako0602-SwiftUIUITests */,
				69BD0E832984EF8100F79946 /* Products */,
			);
			sourceTree = "<group>";
		};
		69BD0E832984EF8100F79946 /* Products */ = {
			isa = PBXGroup;
			children = (
				69BD0E822984EF8100F79946 /* Kadai16-Sako0602-SwiftUI.app */,
				69BD0E922984EF8800F79946 /* Kadai16-Sako0602-SwiftUITests.xctest */,
				69BD0E9C2984EF8800F79946 /* Kadai16-Sako0602-SwiftUIUITests.xctest */,
			);
			name = Products;
			sourceTree = "<group>";
		};
		69BD0E842984EF8100F79946 /* Kadai16-Sako0602-SwiftUI */ = {
			isa = PBXGroup;
			children = (
				69BD0E852984EF8100F79946 /* Kadai16_Sako0602_SwiftUIApp.swift */,
				69BD0E872984EF8100F79946 /* ContentView.swift */,
				69A4591829925F63002C8E05 /* SwiftUIView.swift */,
				6947E4EE29881344009294D3 /* FruitsAddView.swift */,
				6947E4F029881349009294D3 /* EditView.swift */,
				6947E4F22988134F009294D3 /* FruitData.swift */,
				69BD0EB32984F84D00F79946 /* MyPlayground.playground */,
				69BD0E892984EF8700F79946 /* Assets.xcassets */,
				69BD0E8B2984EF8700F79946 /* Preview Content */,
			);
			path = "Kadai16-Sako0602-SwiftUI";
			sourceTree = "<group>";
		};
		69BD0E8B2984EF8700F79946 /* Preview Content */ = {
			isa = PBXGroup;
			children = (
				69BD0E8C2984EF8700F79946 /* Preview Assets.xcassets */,
			);
			path = "Preview Content";
			sourceTree = "<group>";
		};
		69BD0E952984EF8800F79946 /* Kadai16-Sako0602-SwiftUITests */ = {
			isa = PBXGroup;
			children = (
				69BD0E962984EF8800F79946 /* Kadai16_Sako0602_SwiftUITests.swift */,
			);
			path = "Kadai16-Sako0602-SwiftUITests";
			sourceTree = "<group>";
		};
		69BD0E9F2984EF8800F79946 /* Kadai16-Sako0602-SwiftUIUITests */ = {
			isa = PBXGroup;
			children = (
				69BD0EA02984EF8800F79946 /* Kadai16_Sako0602_SwiftUIUITests.swift */,
				69BD0EA22984EF8800F79946 /* Kadai16_Sako0602_SwiftUIUITestsLaunchTests.swift */,
			);
			path = "Kadai16-Sako0602-SwiftUIUITests";
			sourceTree = "<group>";
		};
/* End PBXGroup section */

/* Begin PBXNativeTarget section */
		69BD0E812984EF8100F79946 /* Kadai16-Sako0602-SwiftUI */ = {
			isa = PBXNativeTarget;
			buildConfigurationList = 69BD0EA62984EF8800F79946 /* Build configuration list for PBXNativeTarget "Kadai16-Sako0602-SwiftUI" */;
			buildPhases = (
				69BD0E7E2984EF8100F79946 /* Sources */,
				69BD0E7F2984EF8100F79946 /* Frameworks */,
				69BD0E802984EF8100F79946 /* Resources */,
			);
			buildRules = (
			);
			dependencies = (
			);
			name = "Kadai16-Sako0602-SwiftUI";
			productName = "Kadai16-Sako0602-SwiftUI";
			productReference = 69BD0E822984EF8100F79946 /* Kadai16-Sako0602-SwiftUI.app */;
			productType = "com.apple.product-type.application";
		};
		69BD0E912984EF8800F79946 /* Kadai16-Sako0602-SwiftUITests */ = {
			isa = PBXNativeTarget;
			buildConfigurationList = 69BD0EA92984EF8800F79946 /* Build configuration list for PBXNativeTarget "Kadai16-Sako0602-SwiftUITests" */;
			buildPhases = (
				69BD0E8E2984EF8800F79946 /* Sources */,
				69BD0E8F2984EF8800F79946 /* Frameworks */,
				69BD0E902984EF8800F79946 /* Resources */,
			);
			buildRules = (
			);
			dependencies = (
				69BD0E942984EF8800F79946 /* PBXTargetDependency */,
			);
			name = "Kadai16-Sako0602-SwiftUITests";
			productName = "Kadai16-Sako0602-SwiftUITests";
			productReference = 69BD0E922984EF8800F79946 /* Kadai16-Sako0602-SwiftUITests.xctest */;
			productType = "com.apple.product-type.bundle.unit-test";
		};
		69BD0E9B2984EF8800F79946 /* Kadai16-Sako0602-SwiftUIUITests */ = {
			isa = PBXNativeTarget;
			buildConfigurationList = 69BD0EAC2984EF8800F79946 /* Build configuration list for PBXNativeTarget "Kadai16-Sako0602-SwiftUIUITests" */;
			buildPhases = (
				69BD0E982984EF8800F79946 /* Sources */,
				69BD0E992984EF8800F79946 /* Frameworks */,
				69BD0E9A2984EF8800F79946 /* Resources */,
			);
			buildRules = (
			);
			dependencies = (
				69BD0E9E2984EF8800F79946 /* PBXTargetDependency */,
			);
			name = "Kadai16-Sako0602-SwiftUIUITests";
			productName = "Kadai16-Sako0602-SwiftUIUITests";
			productReference = 69BD0E9C2984EF8800F79946 /* Kadai16-Sako0602-SwiftUIUITests.xctest */;
			productType = "com.apple.product-type.bundle.ui-testing";
		};
/* End PBXNativeTarget section */

/* Begin PBXProject section */
		69BD0E7A2984EF8100F79946 /* Project object */ = {
			isa = PBXProject;
			attributes = {
				BuildIndependentTargetsInParallel = 1;
				LastSwiftUpdateCheck = 1420;
				LastUpgradeCheck = 1420;
				TargetAttributes = {
					69BD0E812984EF8100F79946 = {
						CreatedOnToolsVersion = 14.2;
					};
					69BD0E912984EF8800F79946 = {
						CreatedOnToolsVersion = 14.2;
						TestTargetID = 69BD0E812984EF8100F79946;
					};
					69BD0E9B2984EF8800F79946 = {
						CreatedOnToolsVersion = 14.2;
						TestTargetID = 69BD0E812984EF8100F79946;
					};
				};
			};
			buildConfigurationList = 69BD0E7D2984EF8100F79946 /* Build configuration list for PBXProject "Kadai16-Sako0602-SwiftUI" */;
			compatibilityVersion = "Xcode 14.0";
			developmentRegion = en;
			hasScannedForEncodings = 0;
			knownRegions = (
				en,
				Base,
			);
			mainGroup = 69BD0E792984EF8100F79946;
			productRefGroup = 69BD0E832984EF8100F79946 /* Products */;
			projectDirPath = "";
			projectRoot = "";
			targets = (
				69BD0E812984EF8100F79946 /* Kadai16-Sako0602-SwiftUI */,
				69BD0E912984EF8800F79946 /* Kadai16-Sako0602-SwiftUITests */,
				69BD0E9B2984EF8800F79946 /* Kadai16-Sako0602-SwiftUIUITests */,
			);
		};
/* End PBXProject section */

/* Begin PBXResourcesBuildPhase section */
		69BD0E802984EF8100F79946 /* Resources */ = {
			isa = PBXResourcesBuildPhase;
			buildActionMask = 2147483647;
			files = (
				69BD0E8D2984EF8700F79946 /* Preview Assets.xcassets in Resources */,
				69BD0E8A2984EF8700F79946 /* Assets.xcassets in Resources */,
			);
			runOnlyForDeploymentPostprocessing = 0;
		};
		69BD0E902984EF8800F79946 /* Resources */ = {
			isa = PBXResourcesBuildPhase;
			buildActionMask = 2147483647;
			files = (
			);
			runOnlyForDeploymentPostprocessing = 0;
		};
		69BD0E9A2984EF8800F79946 /* Resources */ = {
			isa = PBXResourcesBuildPhase;
			buildActionMask = 2147483647;
			files = (
			);
			runOnlyForDeploymentPostprocessing = 0;
		};
/* End PBXResourcesBuildPhase section */

/* Begin PBXSourcesBuildPhase section */
		69BD0E7E2984EF8100F79946 /* Sources */ = {
			isa = PBXSourcesBuildPhase;
			buildActionMask = 2147483647;
			files = (
				69BD0E882984EF8100F79946 /* ContentView.swift in Sources */,
				6947E4F32988134F009294D3 /* FruitData.swift in Sources */,
				69A4591929925F63002C8E05 /* SwiftUIView.swift in Sources */,
				69BD0E862984EF8100F79946 /* Kadai16_Sako0602_SwiftUIApp.swift in Sources */,
				6947E4F129881349009294D3 /* EditView.swift in Sources */,
				6947E4EF29881344009294D3 /* FruitsAddView.swift in Sources */,
			);
			runOnlyForDeploymentPostprocessing = 0;
		};
		69BD0E8E2984EF8800F79946 /* Sources */ = {
			isa = PBXSourcesBuildPhase;
			buildActionMask = 2147483647;
			files = (
				69BD0E972984EF8800F79946 /* Kadai16_Sako0602_SwiftUITests.swift in Sources */,
			);
			runOnlyForDeploymentPostprocessing = 0;
		};
		69BD0E982984EF8800F79946 /* Sources */ = {
			isa = PBXSourcesBuildPhase;
			buildActionMask = 2147483647;
			files = (
				69BD0EA32984EF8800F79946 /* Kadai16_Sako0602_SwiftUIUITestsLaunchTests.swift in Sources */,
				69BD0EA12984EF8800F79946 /* Kadai16_Sako0602_SwiftUIUITests.swift in Sources */,
			);
			runOnlyForDeploymentPostprocessing = 0;
		};
/* End PBXSourcesBuildPhase section */

/* Begin PBXTargetDependency section */
		69BD0E942984EF8800F79946 /* PBXTargetDependency */ = {
			isa = PBXTargetDependency;
			target = 69BD0E812984EF8100F79946 /* Kadai16-Sako0602-SwiftUI */;
			targetProxy = 69BD0E932984EF8800F79946 /* PBXContainerItemProxy */;
		};
		69BD0E9E2984EF8800F79946 /* PBXTargetDependency */ = {
			isa = PBXTargetDependency;
			target = 69BD0E812984EF8100F79946 /* Kadai16-Sako0602-SwiftUI */;
			targetProxy = 69BD0E9D2984EF8800F79946 /* PBXContainerItemProxy */;
		};
/* End PBXTargetDependency section */

/* Begin XCBuildConfiguration section */
		69BD0EA42984EF8800F79946 /* Debug */ = {
			isa = XCBuildConfiguration;
			buildSettings = {
				ALWAYS_SEARCH_USER_PATHS = NO;
				CLANG_ANALYZER_NONNULL = YES;
				CLANG_ANALYZER_NUMBER_OBJECT_CONVERSION = YES_AGGRESSIVE;
				CLANG_CXX_LANGUAGE_STANDARD = "gnu++20";
				CLANG_ENABLE_MODULES = YES;
				CLANG_ENABLE_OBJC_ARC = YES;
				CLANG_ENABLE_OBJC_WEAK = YES;
				CLANG_WARN_BLOCK_CAPTURE_AUTORELEASING = YES;
				CLANG_WARN_BOOL_CONVERSION = YES;
				CLANG_WARN_COMMA = YES;
				CLANG_WARN_CONSTANT_CONVERSION = YES;
				CLANG_WARN_DEPRECATED_OBJC_IMPLEMENTATIONS = YES;
				CLANG_WARN_DIRECT_OBJC_ISA_USAGE = YES_ERROR;
				CLANG_WARN_DOCUMENTATION_COMMENTS = YES;
				CLANG_WARN_EMPTY_BODY = YES;
				CLANG_WARN_ENUM_CONVERSION = YES;
				CLANG_WARN_INFINITE_RECURSION = YES;
				CLANG_WARN_INT_CONVERSION = YES;
				CLANG_WARN_NON_LITERAL_NULL_CONVERSION = YES;
				CLANG_WARN_OBJC_IMPLICIT_RETAIN_SELF = YES;
				CLANG_WARN_OBJC_LITERAL_CONVERSION = YES;
				CLANG_WARN_OBJC_ROOT_CLASS = YES_ERROR;
				CLANG_WARN_QUOTED_INCLUDE_IN_FRAMEWORK_HEADER = YES;
				CLANG_WARN_RANGE_LOOP_ANALYSIS = YES;
				CLANG_WARN_STRICT_PROTOTYPES = YES;
				CLANG_WARN_SUSPICIOUS_MOVE = YES;
				CLANG_WARN_UNGUARDED_AVAILABILITY = YES_AGGRESSIVE;
				CLANG_WARN_UNREACHABLE_CODE = YES;
				CLANG_WARN__DUPLICATE_METHOD_MATCH = YES;
				COPY_PHASE_STRIP = NO;
				DEBUG_INFORMATION_FORMAT = dwarf;
				ENABLE_STRICT_OBJC_MSGSEND = YES;
				ENABLE_TESTABILITY = YES;
				GCC_C_LANGUAGE_STANDARD = gnu11;
				GCC_DYNAMIC_NO_PIC = NO;
				GCC_NO_COMMON_BLOCKS = YES;
				GCC_OPTIMIZATION_LEVEL = 0;
				GCC_PREPROCESSOR_DEFINITIONS = (
					"DEBUG=1",
					"$(inherited)",
				);
				GCC_WARN_64_TO_32_BIT_CONVERSION = YES;
				GCC_WARN_ABOUT_RETURN_TYPE = YES_ERROR;
				GCC_WARN_UNDECLARED_SELECTOR = YES;
				GCC_WARN_UNINITIALIZED_AUTOS = YES_AGGRESSIVE;
				GCC_WARN_UNUSED_FUNCTION = YES;
				GCC_WARN_UNUSED_VARIABLE = YES;
				IPHONEOS_DEPLOYMENT_TARGET = 16.2;
				MTL_ENABLE_DEBUG_INFO = INCLUDE_SOURCE;
				MTL_FAST_MATH = YES;
				ONLY_ACTIVE_ARCH = YES;
				SDKROOT = iphoneos;
				SWIFT_ACTIVE_COMPILATION_CONDITIONS = DEBUG;
				SWIFT_OPTIMIZATION_LEVEL = "-Onone";
			};
			name = Debug;
		};
		69BD0EA52984EF8800F79946 /* Release */ = {
			isa = XCBuildConfiguration;
			buildSettings = {
				ALWAYS_SEARCH_USER_PATHS = NO;
				CLANG_ANALYZER_NONNULL = YES;
				CLANG_ANALYZER_NUMBER_OBJECT_CONVERSION = YES_AGGRESSIVE;
				CLANG_CXX_LANGUAGE_STANDARD = "gnu++20";
				CLANG_ENABLE_MODULES = YES;
				CLANG_ENABLE_OBJC_ARC = YES;
				CLANG_ENABLE_OBJC_WEAK = YES;
				CLANG_WARN_BLOCK_CAPTURE_AUTORELEASING = YES;
				CLANG_WARN_BOOL_CONVERSION = YES;
				CLANG_WARN_COMMA = YES;
				CLANG_WARN_CONSTANT_CONVERSION = YES;
				CLANG_WARN_DEPRECATED_OBJC_IMPLEMENTATIONS = YES;
				CLANG_WARN_DIRECT_OBJC_ISA_USAGE = YES_ERROR;
				CLANG_WARN_DOCUMENTATION_COMMENTS = YES;
				CLANG_WARN_EMPTY_BODY = YES;
				CLANG_WARN_ENUM_CONVERSION = YES;
				CLANG_WARN_INFINITE_RECURSION = YES;
				CLANG_WARN_INT_CONVERSION = YES;
				CLANG_WARN_NON_LITERAL_NULL_CONVERSION = YES;
				CLANG_WARN_OBJC_IMPLICIT_RETAIN_SELF = YES;
				CLANG_WARN_OBJC_LITERAL_CONVERSION = YES;
				CLANG_WARN_OBJC_ROOT_CLASS = YES_ERROR;
				CLANG_WARN_QUOTED_INCLUDE_IN_FRAMEWORK_HEADER = YES;
				CLANG_WARN_RANGE_LOOP_ANALYSIS = YES;
				CLANG_WARN_STRICT_PROTOTYPES = YES;
				CLANG_WARN_SUSPICIOUS_MOVE = YES;
				CLANG_WARN_UNGUARDED_AVAILABILITY = YES_AGGRESSIVE;
				CLANG_WARN_UNREACHABLE_CODE = YES;
				CLANG_WARN__DUPLICATE_METHOD_MATCH = YES;
				COPY_PHASE_STRIP = NO;
				DEBUG_INFORMATION_FORMAT = "dwarf-with-dsym";
				ENABLE_NS_ASSERTIONS = NO;
				ENABLE_STRICT_OBJC_MSGSEND = YES;
				GCC_C_LANGUAGE_STANDARD = gnu11;
				GCC_NO_COMMON_BLOCKS = YES;
				GCC_WARN_64_TO_32_BIT_CONVERSION = YES;
				GCC_WARN_ABOUT_RETURN_TYPE = YES_ERROR;
				GCC_WARN_UNDECLARED_SELECTOR = YES;
				GCC_WARN_UNINITIALIZED_AUTOS = YES_AGGRESSIVE;
				GCC_WARN_UNUSED_FUNCTION = YES;
				GCC_WARN_UNUSED_VARIABLE = YES;
				IPHONEOS_DEPLOYMENT_TARGET = 16.2;
				MTL_ENABLE_DEBUG_INFO = NO;
				MTL_FAST_MATH = YES;
				SDKROOT = iphoneos;
				SWIFT_COMPILATION_MODE = wholemodule;
				SWIFT_OPTIMIZATION_LEVEL = "-O";
				VALIDATE_PRODUCT = YES;
			};
			name = Release;
		};
		69BD0EA72984EF8800F79946 /* Debug */ = {
			isa = XCBuildConfiguration;
			buildSettings = {
				ASSETCATALOG_COMPILER_APPICON_NAME = AppIcon;
				ASSETCATALOG_COMPILER_GLOBAL_ACCENT_COLOR_NAME = AccentColor;
				CODE_SIGN_STYLE = Automatic;
				CURRENT_PROJECT_VERSION = 1;
				DEVELOPMENT_ASSET_PATHS = "\"Kadai16-Sako0602-SwiftUI/Preview Content\"";
				ENABLE_PREVIEWS = YES;
				GENERATE_INFOPLIST_FILE = YES;
				INFOPLIST_KEY_UIApplicationSceneManifest_Generation = YES;
				INFOPLIST_KEY_UIApplicationSupportsIndirectInputEvents = YES;
				INFOPLIST_KEY_UILaunchScreen_Generation = YES;
				INFOPLIST_KEY_UISupportedInterfaceOrientations_iPad = "UIInterfaceOrientationPortrait UIInterfaceOrientationPortraitUpsideDown UIInterfaceOrientationLandscapeLeft UIInterfaceOrientationLandscapeRight";
				INFOPLIST_KEY_UISupportedInterfaceOrientations_iPhone = "UIInterfaceOrientationPortrait UIInterfaceOrientationLandscapeLeft UIInterfaceOrientationLandscapeRight";
				LD_RUNPATH_SEARCH_PATHS = (
					"$(inherited)",
					"@executable_path/Frameworks",
				);
				MARKETING_VERSION = 1.0;
				PRODUCT_BUNDLE_IDENTIFIER = "com.sako.Kadai16-Sako0602-SwiftUI";
				PRODUCT_NAME = "$(TARGET_NAME)";
				SWIFT_EMIT_LOC_STRINGS = YES;
				SWIFT_VERSION = 5.0;
				TARGETED_DEVICE_FAMILY = "1,2";
			};
			name = Debug;
		};
		69BD0EA82984EF8800F79946 /* Release */ = {
			isa = XCBuildConfiguration;
			buildSettings = {
				ASSETCATALOG_COMPILER_APPICON_NAME = AppIcon;
				ASSETCATALOG_COMPILER_GLOBAL_ACCENT_COLOR_NAME = AccentColor;
				CODE_SIGN_STYLE = Automatic;
				CURRENT_PROJECT_VERSION = 1;
				DEVELOPMENT_ASSET_PATHS = "\"Kadai16-Sako0602-SwiftUI/Preview Content\"";
				ENABLE_PREVIEWS = YES;
				GENERATE_INFOPLIST_FILE = YES;
				INFOPLIST_KEY_UIApplicationSceneManifest_Generation = YES;
				INFOPLIST_KEY_UIApplicationSupportsIndirectInputEvents = YES;
				INFOPLIST_KEY_UILaunchScreen_Generation = YES;
				INFOPLIST_KEY_UISupportedInterfaceOrientations_iPad = "UIInterfaceOrientationPortrait UIInterfaceOrientationPortraitUpsideDown UIInterfaceOrientationLandscapeLeft UIInterfaceOrientationLandscapeRight";
				INFOPLIST_KEY_UISupportedInterfaceOrientations_iPhone = "UIInterfaceOrientationPortrait UIInterfaceOrientationLandscapeLeft UIInterfaceOrientationLandscapeRight";
				LD_RUNPATH_SEARCH_PATHS = (
					"$(inherited)",
					"@executable_path/Frameworks",
				);
				MARKETING_VERSION = 1.0;
				PRODUCT_BUNDLE_IDENTIFIER = "com.sako.Kadai16-Sako0602-SwiftUI";
				PRODUCT_NAME = "$(TARGET_NAME)";
				SWIFT_EMIT_LOC_STRINGS = YES;
				SWIFT_VERSION = 5.0;
				TARGETED_DEVICE_FAMILY = "1,2";
			};
			name = Release;
		};
		69BD0EAA2984EF8800F79946 /* Debug */ = {
			isa = XCBuildConfiguration;
			buildSettings = {
				ALWAYS_EMBED_SWIFT_STANDARD_LIBRARIES = YES;
				BUNDLE_LOADER = "$(TEST_HOST)";
				CODE_SIGN_STYLE = Automatic;
				CURRENT_PROJECT_VERSION = 1;
				GENERATE_INFOPLIST_FILE = YES;
				IPHONEOS_DEPLOYMENT_TARGET = 16.2;
				MARKETING_VERSION = 1.0;
				PRODUCT_BUNDLE_IDENTIFIER = "com.sako.Kadai16-Sako0602-SwiftUITests";
				PRODUCT_NAME = "$(TARGET_NAME)";
				SWIFT_EMIT_LOC_STRINGS = NO;
				SWIFT_VERSION = 5.0;
				TARGETED_DEVICE_FAMILY = "1,2";
				TEST_HOST = "$(BUILT_PRODUCTS_DIR)/Kadai16-Sako0602-SwiftUI.app/$(BUNDLE_EXECUTABLE_FOLDER_PATH)/Kadai16-Sako0602-SwiftUI";
			};
			name = Debug;
		};
		69BD0EAB2984EF8800F79946 /* Release */ = {
			isa = XCBuildConfiguration;
			buildSettings = {
				ALWAYS_EMBED_SWIFT_STANDARD_LIBRARIES = YES;
				BUNDLE_LOADER = "$(TEST_HOST)";
				CODE_SIGN_STYLE = Automatic;
				CURRENT_PROJECT_VERSION = 1;
				GENERATE_INFOPLIST_FILE = YES;
				IPHONEOS_DEPLOYMENT_TARGET = 16.2;
				MARKETING_VERSION = 1.0;
				PRODUCT_BUNDLE_IDENTIFIER = "com.sako.Kadai16-Sako0602-SwiftUITests";
				PRODUCT_NAME = "$(TARGET_NAME)";
				SWIFT_EMIT_LOC_STRINGS = NO;
				SWIFT_VERSION = 5.0;
				TARGETED_DEVICE_FAMILY = "1,2";
				TEST_HOST = "$(BUILT_PRODUCTS_DIR)/Kadai16-Sako0602-SwiftUI.app/$(BUNDLE_EXECUTABLE_FOLDER_PATH)/Kadai16-Sako0602-SwiftUI";
			};
			name = Release;
		};
		69BD0EAD2984EF8800F79946 /* Debug */ = {
			isa = XCBuildConfiguration;
			buildSettings = {
				ALWAYS_EMBED_SWIFT_STANDARD_LIBRARIES = YES;
				CODE_SIGN_STYLE = Automatic;
				CURRENT_PROJECT_VERSION = 1;
				GENERATE_INFOPLIST_FILE = YES;
				MARKETING_VERSION = 1.0;
				PRODUCT_BUNDLE_IDENTIFIER = "com.sako.Kadai16-Sako0602-SwiftUIUITests";
				PRODUCT_NAME = "$(TARGET_NAME)";
				SWIFT_EMIT_LOC_STRINGS = NO;
				SWIFT_VERSION = 5.0;
				TARGETED_DEVICE_FAMILY = "1,2";
				TEST_TARGET_NAME = "Kadai16-Sako0602-SwiftUI";
			};
			name = Debug;
		};
		69BD0EAE2984EF8800F79946 /* Release */ = {
			isa = XCBuildConfiguration;
			buildSettings = {
				ALWAYS_EMBED_SWIFT_STANDARD_LIBRARIES = YES;
				CODE_SIGN_STYLE = Automatic;
				CURRENT_PROJECT_VERSION = 1;
				GENERATE_INFOPLIST_FILE = YES;
				MARKETING_VERSION = 1.0;
				PRODUCT_BUNDLE_IDENTIFIER = "com.sako.Kadai16-Sako0602-SwiftUIUITests";
				PRODUCT_NAME = "$(TARGET_NAME)";
				SWIFT_EMIT_LOC_STRINGS = NO;
				SWIFT_VERSION = 5.0;
				TARGETED_DEVICE_FAMILY = "1,2";
				TEST_TARGET_NAME = "Kadai16-Sako0602-SwiftUI";
			};
			name = Release;
		};
/* End XCBuildConfiguration section */

/* Begin XCConfigurationList section */
		69BD0E7D2984EF8100F79946 /* Build configuration list for PBXProject "Kadai16-Sako0602-SwiftUI" */ = {
			isa = XCConfigurationList;
			buildConfigurations = (
				69BD0EA42984EF8800F79946 /* Debug */,
				69BD0EA52984EF8800F79946 /* Release */,
			);
			defaultConfigurationIsVisible = 0;
			defaultConfigurationName = Release;
		};
		69BD0EA62984EF8800F79946 /* Build configuration list for PBXNativeTarget "Kadai16-Sako0602-SwiftUI" */ = {
			isa = XCConfigurationList;
			buildConfigurations = (
				69BD0EA72984EF8800F79946 /* Debug */,
				69BD0EA82984EF8800F79946 /* Release */,
			);
			defaultConfigurationIsVisible = 0;
			defaultConfigurationName = Release;
		};
		69BD0EA92984EF8800F79946 /* Build configuration list for PBXNativeTarget "Kadai16-Sako0602-SwiftUITests" */ = {
			isa = XCConfigurationList;
			buildConfigurations = (
				69BD0EAA2984EF8800F79946 /* Debug */,
				69BD0EAB2984EF8800F79946 /* Release */,
			);
			defaultConfigurationIsVisible = 0;
			defaultConfigurationName = Release;
		};
		69BD0EAC2984EF8800F79946 /* Build configuration list for PBXNativeTarget "Kadai16-Sako0602-SwiftUIUITests" */ = {
			isa = XCConfigurationList;
			buildConfigurations = (
				69BD0EAD2984EF8800F79946 /* Debug */,
				69BD0EAE2984EF8800F79946 /* Release */,
			);
			defaultConfigurationIsVisible = 0;
			defaultConfigurationName = Release;
		};
/* End XCConfigurationList section */
	};
	rootObject = 69BD0E7A2984EF8100F79946 /* Project object */;
}
